// !$*UTF8*$!
{
	archiveVersion = 1;
	classes = {
	};
	objectVersion = 46;
	objects = {

/* Begin PBXBuildFile section */
		B1271E0A1F3902B200AA57DC /* AppDelegate.swift in Sources */ = {isa = PBXBuildFile; fileRef = B1271E091F3902B200AA57DC /* AppDelegate.swift */; };
		B1271E0C1F3902B200AA57DC /* ViewController.swift in Sources */ = {isa = PBXBuildFile; fileRef = B1271E0B1F3902B200AA57DC /* ViewController.swift */; };
		B1271E0F1F3902B200AA57DC /* Main.storyboard in Resources */ = {isa = PBXBuildFile; fileRef = B1271E0D1F3902B200AA57DC /* Main.storyboard */; };
		B1271E111F3902B200AA57DC /* Assets.xcassets in Resources */ = {isa = PBXBuildFile; fileRef = B1271E101F3902B200AA57DC /* Assets.xcassets */; };
		B1271E141F3902B200AA57DC /* LaunchScreen.storyboard in Resources */ = {isa = PBXBuildFile; fileRef = B1271E121F3902B200AA57DC /* LaunchScreen.storyboard */; };
/* End PBXBuildFile section */

/* Begin PBXFileReference section */
		B1271E061F3902B200AA57DC /* Magic8Balls.app */ = {isa = PBXFileReference; explicitFileType = wrapper.application; includeInIndex = 0; path = Magic8Balls.app; sourceTree = BUILT_PRODUCTS_DIR; };
		B1271E091F3902B200AA57DC /* AppDelegate.swift */ = {isa = PBXFileReference; lastKnownFileType = sourcecode.swift; path = AppDelegate.swift; sourceTree = "<group>"; };
		B1271E0B1F3902B200AA57DC /* ViewController.swift */ = {isa = PBXFileReference; lastKnownFileType = sourcecode.swift; path = ViewController.swift; sourceTree = "<group>"; };
		B1271E0E1F3902B200AA57DC /* Base */ = {isa = PBXFileReference; lastKnownFileType = file.storyboard; name = Base; path = Base.lproj/Main.storyboard; sourceTree = "<group>"; };
		B1271E101F3902B200AA57DC /* Assets.xcassets */ = {isa = PBXFileReference; lastKnownFileType = folder.assetcatalog; path = Assets.xcassets; sourceTree = "<group>"; };
		B1271E131F3902B200AA57DC /* Base */ = {isa = PBXFileReference; lastKnownFileType = file.storyboard; name = Base; path = Base.lproj/LaunchScreen.storyboard; sourceTree = "<group>"; };
		B1271E151F3902B200AA57DC /* Info.plist */ = {isa = PBXFileReference; lastKnownFileType = text.plist.xml; path = Info.plist; sourceTree = "<group>"; };
/* End PBXFileReference section */

/* Begin PBXFrameworksBuildPhase section */
		B1271E031F3902B200AA57DC /* Frameworks */ = {
			isa = PBXFrameworksBuildPhase;
			buildActionMask = 2147483647;
			files = (
			);
			runOnlyForDeploymentPostprocessing = 0;
		};
/* End PBXFrameworksBuildPhase section */

/* Begin PBXGroup section */
		B1271DFD1F3902B200AA57DC = {
			isa = PBXGroup;
			children = (
				B1271E081F3902B200AA57DC /* Magic8Balls */,
				B1271E071F3902B200AA57DC /* Products */,
			);
			sourceTree = "<group>";
		};
		B1271E071F3902B200AA57DC /* Products */ = {
			isa = PBXGroup;
			children = (
				B1271E061F3902B200AA57DC /* Magic8Balls.app */,
			);
			name = Products;
			sourceTree = "<group>";
		};
		B1271E081F3902B200AA57DC /* Magic8Balls */ = {
			isa = PBXGroup;
			children = (
				B1271E091F3902B200AA57DC /* AppDelegate.swift */,
				B1271E0B1F3902B200AA57DC /* ViewController.swift */,
				B1271E0D1F3902B200AA57DC /* Main.storyboard */,
				B1271E101F3902B200AA57DC /* Assets.xcassets */,
				B1271E121F3902B200AA57DC /* LaunchScreen.storyboard */,
				B1271E151F3902B200AA57DC /* Info.plist */,
			);
			path = Magic8Balls;
			sourceTree = "<group>";
		};
/* End PBXGroup section */

/* Begin PBXNativeTarget section */
		B1271E051F3902B200AA57DC /* Magic8Balls */ = {
			isa = PBXNativeTarget;
			buildConfigurationList = B1271E181F3902B200AA57DC /* Build configuration list for PBXNativeTarget "Magic8Balls" */;
			buildPhases = (
				B1271E021F3902B200AA57DC /* Sources */,
				B1271E031F3902B200AA57DC /* Frameworks */,
				B1271E041F3902B200AA57DC /* Resources */,
			);
			buildRules = (
			);
			dependencies = (
			);
			name = Magic8Balls;
			productName = Magic8Balls;
			productReference = B1271E061F3902B200AA57DC /* Magic8Balls.app */;
			productType = "com.apple.product-type.application";
		};
/* End PBXNativeTarget section */

/* Begin PBXProject section */
		B1271DFE1F3902B200AA57DC /* Project object */ = {
			isa = PBXProject;
			attributes = {
				LastSwiftUpdateCheck = 0830;
				LastUpgradeCheck = 0830;
				ORGANIZATIONNAME = "Jonathan Cochran";
				TargetAttributes = {
					B1271E051F3902B200AA57DC = {
						CreatedOnToolsVersion = 8.3.3;
						DevelopmentTeam = 7ZF894YKN7;
						ProvisioningStyle = Automatic;
					};
				};
			};
			buildConfigurationList = B1271E011F3902B200AA57DC /* Build configuration list for PBXProject "Magic8Balls" */;
			compatibilityVersion = "Xcode 3.2";
			developmentRegion = English;
			hasScannedForEncodings = 0;
			knownRegions = (
				en,
				Base,
			);
			mainGroup = B1271DFD1F3902B200AA57DC;
			productRefGroup = B1271E071F3902B200AA57DC /* Products */;
			projectDirPath = "";
			projectRoot = "";
			targets = (
				B1271E051F3902B200AA57DC /* Magic8Balls */,
			);
		};
/* End PBXProject section */

/* Begin PBXResourcesBuildPhase section */
		B1271E041F3902B200AA57DC /* Resources */ = {
			isa = PBXResourcesBuildPhase;
			buildActionMask = 2147483647;
			files = (
				B1271E141F3902B200AA57DC /* LaunchScreen.storyboard in Resources */,
				B1271E111F3902B200AA57DC /* Assets.xcassets in Resources */,
				B1271E0F1F3902B200AA57DC /* Main.storyboard in Resources */,
			);
			runOnlyForDeploymentPostprocessing = 0;
		};
/* End PBXResourcesBuildPhase section */

/* Begin PBXSourcesBuildPhase section */
		B1271E021F3902B200AA57DC /* Sources */ = {
			isa = PBXSourcesBuildPhase;
			buildActionMask = 2147483647;
			files = (
				B1271E0C1F3902B200AA57DC /* ViewController.swift in Sources */,
				B1271E0A1F3902B200AA57DC /* AppDelegate.swift in Sources */,
			);
			runOnlyForDeploymentPostprocessing = 0;
		};
/* End PBXSourcesBuildPhase section */

/* Begin PBXVariantGroup section */
		B1271E0D1F3902B200AA57DC /* Main.storyboard */ = {
			isa = PBXVariantGroup;
			children = (
				B1271E0E1F3902B200AA57DC /* Base */,
			);
			name = Main.storyboard;
			sourceTree = "<group>";
		};
		B1271E121F3902B200AA57DC /* LaunchScreen.storyboard */ = {
			isa = PBXVariantGroup;
			children = (
				B1271E131F3902B200AA57DC /* Base */,
			);
			name = LaunchScreen.storyboard;
			sourceTree = "<group>";
		};
/* End PBXVariantGroup section */

/* Begin XCBuildConfiguration section */
		B1271E161F3902B200AA57DC /* Debug */ = {
			isa = XCBuildConfiguration;
			buildSettings = {
				ALWAYS_SEARCH_USER_PATHS = NO;
				CLANG_ANALYZER_NONNULL = YES;
				CLANG_ANALYZER_NUMBER_OBJECT_CONVERSION = YES_AGGRESSIVE;
				CLANG_CXX_LANGUAGE_STANDARD = "gnu++0x";
				CLANG_CXX_LIBRARY = "libc++";
				CLANG_ENABLE_MODULES = YES;
				CLANG_ENABLE_OBJC_ARC = YES;
				CLANG_WARN_BOOL_CONVERSION = YES;
				CLANG_WARN_CONSTANT_CONVERSION = YES;
				CLANG_WARN_DIRECT_OBJC_ISA_USAGE = YES_ERROR;
				CLANG_WARN_DOCUMENTATION_COMMENTS = YES;
				CLANG_WARN_EMPTY_BODY = YES;
				CLANG_WARN_ENUM_CONVERSION = YES;
				CLANG_WARN_INFINITE_RECURSION = YES;
				CLANG_WARN_INT_CONVERSION = YES;
				CLANG_WARN_OBJC_ROOT_CLASS = YES_ERROR;
				CLANG_WARN_SUSPICIOUS_MOVE = YES;
				CLANG_WARN_UNREACHABLE_CODE = YES;
				CLANG_WARN__DUPLICATE_METHOD_MATCH = YES;
				"CODE_SIGN_IDENTITY[sdk=iphoneos*]" = "iPhone Developer";
				COPY_PHASE_STRIP = NO;
				DEBUG_INFORMATION_FORMAT = dwarf;
				ENABLE_STRICT_OBJC_MSGSEND = YES;
				ENABLE_TESTABILITY = YES;
				GCC_C_LANGUAGE_STANDARD = gnu99;
				GCC_DYNAMIC_NO_PIC = NO;
				GCC_NO_COMMON_BLOCKS = YES;
				GCC_OPTIMIZATION_LEVEL = 0;
				GCC_PREPROCESSOR_DEFINITIONS = (
					"DEBUG=1",
					"$(inherited)",
				);
				GCC_WARN_64_TO_32_BIT_CONVERSION = YES;
				GCC_WARN_ABOUT_RETURN_TYPE = YES_ERROR;
				GCC_WARN_UNDECLARED_SELECTOR = YES;
				GCC_WARN_UNINITIALIZED_AUTOS = YES_AGGRESSIVE;
				GCC_WARN_UNUSED_FUNCTION = YES;
				GCC_WARN_UNUSED_VARIABLE = YES;
				IPHONEOS_DEPLOYMENT_TARGET = 10.3;
				MTL_ENABLE_DEBUG_INFO = YES;
				ONLY_ACTIVE_ARCH = YES;
				SDKROOT = iphoneos;
				SWIFT_ACTIVE_COMPILATION_CONDITIONS = DEBUG;
				SWIFT_OPTIMIZATION_LEVEL = "-Onone";
			};
			name = Debug;
		};
		B1271E171F3902B200AA57DC /* Release */ = {
			isa = XCBuildConfiguration;
			buildSettings = {
				ALWAYS_SEARCH_USER_PATHS = NO;
				CLANG_ANALYZER_NONNULL = YES;
				CLANG_ANALYZER_NUMBER_OBJECT_CONVERSION = YES_AGGRESSIVE;
				CLANG_CXX_LANGUAGE_STANDARD = "gnu++0x";
				CLANG_CXX_LIBRARY = "libc++";
				CLANG_ENABLE_MODULES = YES;
				CLANG_ENABLE_OBJC_ARC = YES;
				CLANG_WARN_BOOL_CONVERSION = YES;
				CLANG_WARN_CONSTANT_CONVERSION = YES;
				CLANG_WARN_DIRECT_OBJC_ISA_USAGE = YES_ERROR;
				CLANG_WARN_DOCUMENTATION_COMMENTS = YES;
				CLANG_WARN_EMPTY_BODY = YES;
				CLANG_WARN_ENUM_CONVERSION = YES;
				CLANG_WARN_INFINITE_RECURSION = YES;
				CLANG_WARN_INT_CONVERSION = YES;
				CLANG_WARN_OBJC_ROOT_CLASS = YES_ERROR;
				CLANG_WARN_SUSPICIOUS_MOVE = YES;
				CLANG_WARN_UNREACHABLE_CODE = YES;
				CLANG_WARN__DUPLICATE_METHOD_MATCH = YES;
				"CODE_SIGN_IDENTITY[sdk=iphoneos*]" = "iPhone Developer";
				COPY_PHASE_STRIP = NO;
				DEBUG_INFORMATION_FORMAT = "dwarf-with-dsym";
				ENABLE_NS_ASSERTIONS = NO;
				ENABLE_STRICT_OBJC_MSGSEND = YES;
				GCC_C_LANGUAGE_STANDARD = gnu99;
				GCC_NO_COMMON_BLOCKS = YES;
				GCC_WARN_64_TO_32_BIT_CONVERSION = YES;
				GCC_WARN_ABOUT_RETURN_TYPE = YES_ERROR;
				GCC_WARN_UNDECLARED_SELECTOR = YES;
				GCC_WARN_UNINITIALIZED_AUTOS = YES_AGGRESSIVE;
				GCC_WARN_UNUSED_FUNCTION = YES;
				GCC_WARN_UNUSED_VARIABLE = YES;
				IPHONEOS_DEPLOYMENT_TARGET = 10.3;
				MTL_ENABLE_DEBUG_INFO = NO;
				SDKROOT = iphoneos;
				SWIFT_OPTIMIZATION_LEVEL = "-Owholemodule";
				VALIDATE_PRODUCT = YES;
			};
			name = Release;
		};
		B1271E191F3902B200AA57DC /* Debug */ = {
			isa = XCBuildConfiguration;
			buildSettings = {
				ASSETCATALOG_COMPILER_APPICON_NAME = AppIcon;
				DEVELOPMENT_TEAM = 7ZF894YKN7;
				INFOPLIST_FILE = Magic8Balls/Info.plist;
				LD_RUNPATH_SEARCH_PATHS = "$(inherited) @executable_path/Frameworks";
				PRODUCT_BUNDLE_IDENTIFIER = joc.Magic8Balls;
				PRODUCT_NAME = "$(TARGET_NAME)";
				SWIFT_VERSION = 3.0;
				TARGETED_DEVICE_FAMILY = 1;
			};
			name = Debug;
		};
		B1271E1A1F3902B200AA57DC /* Release */ = {
			isa = XCBuildConfiguration;
			buildSettings = {
				ASSETCATALOG_COMPILER_APPICON_NAME = AppIcon;
				DEVELOPMENT_TEAM = 7ZF894YKN7;
				INFOPLIST_FILE = Magic8Balls/Info.plist;
				LD_RUNPATH_SEARCH_PATHS = "$(inherited) @executable_path/Frameworks";
				PRODUCT_BUNDLE_IDENTIFIER = joc.Magic8Balls;
				PRODUCT_NAME = "$(TARGET_NAME)";
				SWIFT_VERSION = 3.0;
				TARGETED_DEVICE_FAMILY = 1;
			};
			name = Release;
		};
/* End XCBuildConfiguration section */

/* Begin XCConfigurationList section */
		B1271E011F3902B200AA57DC /* Build configuration list for PBXProject "Magic8Balls" */ = {
			isa = XCConfigurationList;
			buildConfigurations = (
				B1271E161F3902B200AA57DC /* Debug */,
				B1271E171F3902B200AA57DC /* Release */,
			);
			defaultConfigurationIsVisible = 0;
			defaultConfigurationName = Release;
		};
		B1271E181F3902B200AA57DC /* Build configuration list for PBXNativeTarget "Magic8Balls" */ = {
			isa = XCConfigurationList;
			buildConfigurations = (
				B1271E191F3902B200AA57DC /* Debug */,
				B1271E1A1F3902B200AA57DC /* Release */,
			);
			defaultConfigurationIsVisible = 0;
			defaultConfigurationName = Release;
		};
/* End XCConfigurationList section */
	};
	rootObject = B1271DFE1F3902B200AA57DC /* Project object */;
}
